// !$*UTF8*$!
{
	archiveVersion = 1;
	classes = {
	};
	objectVersion = 46;
	objects = {

/* Begin PBXBuildFile section */
		1ED4DFD11BDCF60800E0332B /* AppDelegate.swift in Sources */ = {isa = PBXBuildFile; fileRef = 1ED4DFD01BDCF60800E0332B /* AppDelegate.swift */; };
		1ED4DFD31BDCF60800E0332B /* ViewController.swift in Sources */ = {isa = PBXBuildFile; fileRef = 1ED4DFD21BDCF60800E0332B /* ViewController.swift */; };
		1ED4DFD61BDCF60800E0332B /* Main.storyboard in Resources */ = {isa = PBXBuildFile; fileRef = 1ED4DFD41BDCF60800E0332B /* Main.storyboard */; };
		1ED4DFD81BDCF60800E0332B /* Assets.xcassets in Resources */ = {isa = PBXBuildFile; fileRef = 1ED4DFD71BDCF60800E0332B /* Assets.xcassets */; };
		1ED4DFDB1BDCF60800E0332B /* LaunchScreen.storyboard in Resources */ = {isa = PBXBuildFile; fileRef = 1ED4DFD91BDCF60800E0332B /* LaunchScreen.storyboard */; };
/* End PBXBuildFile section */

/* Begin PBXFileReference section */
		1ED4DFCD1BDCF60800E0332B /* MicroblogSwift.app */ = {isa = PBXFileReference; explicitFileType = wrapper.application; includeInIndex = 0; path = MicroblogSwift.app; sourceTree = BUILT_PRODUCTS_DIR; };
		1ED4DFD01BDCF60800E0332B /* AppDelegate.swift */ = {isa = PBXFileReference; lastKnownFileType = sourcecode.swift; path = AppDelegate.swift; sourceTree = "<group>"; };
		1ED4DFD21BDCF60800E0332B /* ViewController.swift */ = {isa = PBXFileReference; lastKnownFileType = sourcecode.swift; path = ViewController.swift; sourceTree = "<group>"; };
		1ED4DFD51BDCF60800E0332B /* Base */ = {isa = PBXFileReference; lastKnownFileType = file.storyboard; name = Base; path = Base.lproj/Main.storyboard; sourceTree = "<group>"; };
		1ED4DFD71BDCF60800E0332B /* Assets.xcassets */ = {isa = PBXFileReference; lastKnownFileType = folder.assetcatalog; path = Assets.xcassets; sourceTree = "<group>"; };
		1ED4DFDA1BDCF60800E0332B /* Base */ = {isa = PBXFileReference; lastKnownFileType = file.storyboard; name = Base; path = Base.lproj/LaunchScreen.storyboard; sourceTree = "<group>"; };
		1ED4DFDC1BDCF60800E0332B /* Info.plist */ = {isa = PBXFileReference; lastKnownFileType = text.plist.xml; path = Info.plist; sourceTree = "<group>"; };
/* End PBXFileReference section */

/* Begin PBXFrameworksBuildPhase section */
		1ED4DFCA1BDCF60800E0332B /* Frameworks */ = {
			isa = PBXFrameworksBuildPhase;
			buildActionMask = 2147483647;
			files = (
			);
			runOnlyForDeploymentPostprocessing = 0;
		};
/* End PBXFrameworksBuildPhase section */

/* Begin PBXGroup section */
		1ED4DFC41BDCF60800E0332B = {
			isa = PBXGroup;
			children = (
				1ED4DFCF1BDCF60800E0332B /* MicroblogSwift */,
				1ED4DFCE1BDCF60800E0332B /* Products */,
			);
			sourceTree = "<group>";
		};
		1ED4DFCE1BDCF60800E0332B /* Products */ = {
			isa = PBXGroup;
			children = (
				1ED4DFCD1BDCF60800E0332B /* MicroblogSwift.app */,
			);
			name = Products;
			sourceTree = "<group>";
		};
		1ED4DFCF1BDCF60800E0332B /* MicroblogSwift */ = {
			isa = PBXGroup;
			children = (
				1ED4DFD01BDCF60800E0332B /* AppDelegate.swift */,
				1ED4DFD21BDCF60800E0332B /* ViewController.swift */,
				1ED4DFD41BDCF60800E0332B /* Main.storyboard */,
				1ED4DFD71BDCF60800E0332B /* Assets.xcassets */,
				1ED4DFD91BDCF60800E0332B /* LaunchScreen.storyboard */,
				1ED4DFDC1BDCF60800E0332B /* Info.plist */,
			);
			path = MicroblogSwift;
			sourceTree = "<group>";
		};
/* End PBXGroup section */

/* Begin PBXNativeTarget section */
		1ED4DFCC1BDCF60800E0332B /* MicroblogSwift */ = {
			isa = PBXNativeTarget;
			buildConfigurationList = 1ED4DFDF1BDCF60800E0332B /* Build configuration list for PBXNativeTarget "MicroblogSwift" */;
			buildPhases = (
				1ED4DFC91BDCF60800E0332B /* Sources */,
				1ED4DFCA1BDCF60800E0332B /* Frameworks */,
				1ED4DFCB1BDCF60800E0332B /* Resources */,
			);
			buildRules = (
			);
			dependencies = (
			);
			name = MicroblogSwift;
			productName = MicroblogSwift;
			productReference = 1ED4DFCD1BDCF60800E0332B /* MicroblogSwift.app */;
			productType = "com.apple.product-type.application";
		};
/* End PBXNativeTarget section */

/* Begin PBXProject section */
		1ED4DFC51BDCF60800E0332B /* Project object */ = {
			isa = PBXProject;
			attributes = {
				LastUpgradeCheck = 0700;
				ORGANIZATIONNAME = likangde;
				TargetAttributes = {
					1ED4DFCC1BDCF60800E0332B = {
						CreatedOnToolsVersion = 7.0;
						DevelopmentTeam = T9F4BV2KVU;
					};
				};
			};
			buildConfigurationList = 1ED4DFC81BDCF60800E0332B /* Build configuration list for PBXProject "MicroblogSwift" */;
			compatibilityVersion = "Xcode 3.2";
			developmentRegion = English;
			hasScannedForEncodings = 0;
			knownRegions = (
				en,
				Base,
			);
			mainGroup = 1ED4DFC41BDCF60800E0332B;
			productRefGroup = 1ED4DFCE1BDCF60800E0332B /* Products */;
			projectDirPath = "";
			projectRoot = "";
			targets = (
				1ED4DFCC1BDCF60800E0332B /* MicroblogSwift */,
			);
		};
/* End PBXProject section */

/* Begin PBXResourcesBuildPhase section */
		1ED4DFCB1BDCF60800E0332B /* Resources */ = {
			isa = PBXResourcesBuildPhase;
			buildActionMask = 2147483647;
			files = (
				1ED4DFDB1BDCF60800E0332B /* LaunchScreen.storyboard in Resources */,
				1ED4DFD81BDCF60800E0332B /* Assets.xcassets in Resources */,
				1ED4DFD61BDCF60800E0332B /* Main.storyboard in Resources */,
			);
			runOnlyForDeploymentPostprocessing = 0;
		};
/* End PBXResourcesBuildPhase section */

/* Begin PBXSourcesBuildPhase section */
		1ED4DFC91BDCF60800E0332B /* Sources */ = {
			isa = PBXSourcesBuildPhase;
			buildActionMask = 2147483647;
			files = (
				1ED4DFD31BDCF60800E0332B /* ViewController.swift in Sources */,
				1ED4DFD11BDCF60800E0332B /* AppDelegate.swift in Sources */,
			);
			runOnlyForDeploymentPostprocessing = 0;
		};
/* End PBXSourcesBuildPhase section */

/* Begin PBXVariantGroup section */
		1ED4DFD41BDCF60800E0332B /* Main.storyboard */ = {
			isa = PBXVariantGroup;
			children = (
				1ED4DFD51BDCF60800E0332B /* Base */,
			);
			name = Main.storyboard;
			sourceTree = "<group>";
		};
		1ED4DFD91BDCF60800E0332B /* LaunchScreen.storyboard */ = {
			isa = PBXVariantGroup;
			children = (
				1ED4DFDA1BDCF60800E0332B /* Base */,
			);
			name = LaunchScreen.storyboard;
			sourceTree = "<group>";
		};
/* End PBXVariantGroup section */

/* Begin XCBuildConfiguration section */
		1ED4DFDD1BDCF60800E0332B /* Debug */ = {
			isa = XCBuildConfiguration;
			buildSettings = {
				ALWAYS_SEARCH_USER_PATHS = NO;
				CLANG_CXX_LANGUAGE_STANDARD = "gnu++0x";
				CLANG_CXX_LIBRARY = "libc++";
				CLANG_ENABLE_MODULES = YES;
				CLANG_ENABLE_OBJC_ARC = YES;
				CLANG_WARN_BOOL_CONVERSION = YES;
				CLANG_WARN_CONSTANT_CONVERSION = YES;
				CLANG_WARN_DIRECT_OBJC_ISA_USAGE = YES_ERROR;
				CLANG_WARN_EMPTY_BODY = YES;
				CLANG_WARN_ENUM_CONVERSION = YES;
				CLANG_WARN_INT_CONVERSION = YES;
				CLANG_WARN_OBJC_ROOT_CLASS = YES_ERROR;
				CLANG_WARN_UNREACHABLE_CODE = YES;
				CLANG_WARN__DUPLICATE_METHOD_MATCH = YES;
				"CODE_SIGN_IDENTITY[sdk=iphoneos*]" = "iPhone Developer";
				COPY_PHASE_STRIP = NO;
				DEBUG_INFORMATION_FORMAT = dwarf;
				ENABLE_STRICT_OBJC_MSGSEND = YES;
				ENABLE_TESTABILITY = YES;
				GCC_C_LANGUAGE_STANDARD = gnu99;
				GCC_DYNAMIC_NO_PIC = NO;
				GCC_NO_COMMON_BLOCKS = YES;
				GCC_OPTIMIZATION_LEVEL = 0;
				GCC_PREPROCESSOR_DEFINITIONS = (
					"DEBUG=1",
					"$(inherited)",
				);
				GCC_WARN_64_TO_32_BIT_CONVERSION = YES;
				GCC_WARN_ABOUT_RETURN_TYPE = YES_ERROR;
				GCC_WARN_UNDECLARED_SELECTOR = YES;
				GCC_WARN_UNINITIALIZED_AUTOS = YES_AGGRESSIVE;
				GCC_WARN_UNUSED_FUNCTION = YES;
				GCC_WARN_UNUSED_VARIABLE = YES;
				IPHONEOS_DEPLOYMENT_TARGET = 9.0;
				MTL_ENABLE_DEBUG_INFO = YES;
				ONLY_ACTIVE_ARCH = YES;
				SDKROOT = iphoneos;
				SWIFT_OPTIMIZATION_LEVEL = "-Onone";
				TARGETED_DEVICE_FAMILY = "1,2";
			};
			name = Debug;
		};
		1ED4DFDE1BDCF60800E0332B /* Release */ = {
			isa = XCBuildConfiguration;
			buildSettings = {
				ALWAYS_SEARCH_USER_PATHS = NO;
				CLANG_CXX_LANGUAGE_STANDARD = "gnu++0x";
				CLANG_CXX_LIBRARY = "libc++";
				CLANG_ENABLE_MODULES = YES;
				CLANG_ENABLE_OBJC_ARC = YES;
				CLANG_WARN_BOOL_CONVERSION = YES;
				CLANG_WARN_CONSTANT_CONVERSION = YES;
				CLANG_WARN_DIRECT_OBJC_ISA_USAGE = YES_ERROR;
				CLANG_WARN_EMPTY_BODY = YES;
				CLANG_WARN_ENUM_CONVERSION = YES;
				CLANG_WARN_INT_CONVERSION = YES;
				CLANG_WARN_OBJC_ROOT_CLASS = YES_ERROR;
				CLANG_WARN_UNREACHABLE_CODE = YES;
				CLANG_WARN__DUPLICATE_METHOD_MATCH = YES;
				"CODE_SIGN_IDENTITY[sdk=iphoneos*]" = "iPhone Developer";
				COPY_PHASE_STRIP = NO;
				DEBUG_INFORMATION_FORMAT = "dwarf-with-dsym";
				ENABLE_NS_ASSERTIONS = NO;
				ENABLE_STRICT_OBJC_MSGSEND = YES;
				GCC_C_LANGUAGE_STANDARD = gnu99;
				GCC_NO_COMMON_BLOCKS = YES;
				GCC_WARN_64_TO_32_BIT_CONVERSION = YES;
				GCC_WARN_ABOUT_RETURN_TYPE = YES_ERROR;
				GCC_WARN_UNDECLARED_SELECTOR = YES;
				GCC_WARN_UNINITIALIZED_AUTOS = YES_AGGRESSIVE;
				GCC_WARN_UNUSED_FUNCTION = YES;
				GCC_WARN_UNUSED_VARIABLE = YES;
				IPHONEOS_DEPLOYMENT_TARGET = 9.0;
				MTL_ENABLE_DEBUG_INFO = NO;
				SDKROOT = iphoneos;
				TARGETED_DEVICE_FAMILY = "1,2";
				VALIDATE_PRODUCT = YES;
			};
			name = Release;
		};
		1ED4DFE01BDCF60800E0332B /* Debug */ = {
			isa = XCBuildConfiguration;
			buildSettings = {
				ASSETCATALOG_COMPILER_APPICON_NAME = AppIcon;
				INFOPLIST_FILE = MicroblogSwift/Info.plist;
				LD_RUNPATH_SEARCH_PATHS = "$(inherited) @executable_path/Frameworks";
				PRODUCT_BUNDLE_IDENTIFIER = com.likangde.MicroblogSwift;
				PRODUCT_NAME = "$(TARGET_NAME)";
			};
			name = Debug;
		};
		1ED4DFE11BDCF60800E0332B /* Release */ = {
			isa = XCBuildConfiguration;
			buildSettings = {
				ASSETCATALOG_COMPILER_APPICON_NAME = AppIcon;
				INFOPLIST_FILE = MicroblogSwift/Info.plist;
				LD_RUNPATH_SEARCH_PATHS = "$(inherited) @executable_path/Frameworks";
				PRODUCT_BUNDLE_IDENTIFIER = com.likangde.MicroblogSwift;
				PRODUCT_NAME = "$(TARGET_NAME)";
			};
			name = Release;
		};
/* End XCBuildConfiguration section */

/* Begin XCConfigurationList section */
		1ED4DFC81BDCF60800E0332B /* Build configuration list for PBXProject "MicroblogSwift" */ = {
			isa = XCConfigurationList;
			buildConfigurations = (
				1ED4DFDD1BDCF60800E0332B /* Debug */,
				1ED4DFDE1BDCF60800E0332B /* Release */,
			);
			defaultConfigurationIsVisible = 0;
			defaultConfigurationName = Release;
		};
		1ED4DFDF1BDCF60800E0332B /* Build configuration list for PBXNativeTarget "MicroblogSwift" */ = {
			isa = XCConfigurationList;
			buildConfigurations = (
				1ED4DFE01BDCF60800E0332B /* Debug */,
				1ED4DFE11BDCF60800E0332B /* Release */,
			);
			defaultConfigurationIsVisible = 0;
		};
/* End XCConfigurationList section */
	};
	rootObject = 1ED4DFC51BDCF60800E0332B /* Project object */;
}
